// !$*UTF8*$!
{
	archiveVersion = 1;
	classes = {
	};
	objectVersion = 50;
	objects = {

/* Begin PBXBuildFile section */
		4FF5001021E76A63007DB175 /* AppDelegate.swift in Sources */ = {isa = PBXBuildFile; fileRef = 4FF5000F21E76A63007DB175 /* AppDelegate.swift */; };
		4FF5001521E76A63007DB175 /* Main.storyboard in Resources */ = {isa = PBXBuildFile; fileRef = 4FF5001321E76A63007DB175 /* Main.storyboard */; };
		4FF5001721E76A68007DB175 /* Assets.xcassets in Resources */ = {isa = PBXBuildFile; fileRef = 4FF5001621E76A68007DB175 /* Assets.xcassets */; };
		4FF5001A21E76A68007DB175 /* LaunchScreen.storyboard in Resources */ = {isa = PBXBuildFile; fileRef = 4FF5001821E76A68007DB175 /* LaunchScreen.storyboard */; };
		4FF5002221E76B66007DB175 /* LogInViewController.swift in Sources */ = {isa = PBXBuildFile; fileRef = 4FF5002121E76B66007DB175 /* LogInViewController.swift */; };
		4FF5002421E76BA8007DB175 /* API.swift in Sources */ = {isa = PBXBuildFile; fileRef = 4FF5002321E76BA8007DB175 /* API.swift */; };
		4FF5002721E76D74007DB175 /* MapViewController.swift in Sources */ = {isa = PBXBuildFile; fileRef = 4FF5002621E76D74007DB175 /* MapViewController.swift */; };
		4FF5002A21E76DB6007DB175 /* TableViewController.swift in Sources */ = {isa = PBXBuildFile; fileRef = 4FF5002921E76DB6007DB175 /* TableViewController.swift */; };
		4FF5002C21E76DCB007DB175 /* TableViewCell.swift in Sources */ = {isa = PBXBuildFile; fileRef = 4FF5002B21E76DCB007DB175 /* TableViewCell.swift */; };
		4FF5002E21E76DE3007DB175 /* AddLocationViewController.swift in Sources */ = {isa = PBXBuildFile; fileRef = 4FF5002D21E76DE3007DB175 /* AddLocationViewController.swift */; };
		4FF5003021E76E17007DB175 /* FinalLocationViewController.swift in Sources */ = {isa = PBXBuildFile; fileRef = 4FF5002F21E76E17007DB175 /* FinalLocationViewController.swift */; };
		4FF5003421E76EB7007DB175 /* StudentLocation.swift in Sources */ = {isa = PBXBuildFile; fileRef = 4FF5003321E76EB7007DB175 /* StudentLocation.swift */; };
		4FF5003621E76F27007DB175 /* Parse.swift in Sources */ = {isa = PBXBuildFile; fileRef = 4FF5003521E76F27007DB175 /* Parse.swift */; };
		4FF5003A21E76FCA007DB175 /* Data.swift in Sources */ = {isa = PBXBuildFile; fileRef = 4FF5003921E76FCA007DB175 /* Data.swift */; };
/* End PBXBuildFile section */

/* Begin PBXFileReference section */
		4FF5000C21E76A63007DB175 /* On The Map.app */ = {isa = PBXFileReference; explicitFileType = wrapper.application; includeInIndex = 0; path = "On The Map.app"; sourceTree = BUILT_PRODUCTS_DIR; };
		4FF5000F21E76A63007DB175 /* AppDelegate.swift */ = {isa = PBXFileReference; lastKnownFileType = sourcecode.swift; path = AppDelegate.swift; sourceTree = "<group>"; };
		4FF5001421E76A63007DB175 /* Base */ = {isa = PBXFileReference; lastKnownFileType = file.storyboard; name = Base; path = Base.lproj/Main.storyboard; sourceTree = "<group>"; };
		4FF5001621E76A68007DB175 /* Assets.xcassets */ = {isa = PBXFileReference; lastKnownFileType = folder.assetcatalog; path = Assets.xcassets; sourceTree = "<group>"; };
		4FF5001921E76A68007DB175 /* Base */ = {isa = PBXFileReference; lastKnownFileType = file.storyboard; name = Base; path = Base.lproj/LaunchScreen.storyboard; sourceTree = "<group>"; };
		4FF5001B21E76A68007DB175 /* Info.plist */ = {isa = PBXFileReference; lastKnownFileType = text.plist.xml; path = Info.plist; sourceTree = "<group>"; };
		4FF5002121E76B66007DB175 /* LogInViewController.swift */ = {isa = PBXFileReference; lastKnownFileType = sourcecode.swift; path = LogInViewController.swift; sourceTree = "<group>"; };
		4FF5002321E76BA8007DB175 /* API.swift */ = {isa = PBXFileReference; lastKnownFileType = sourcecode.swift; path = API.swift; sourceTree = "<group>"; };
		4FF5002621E76D74007DB175 /* MapViewController.swift */ = {isa = PBXFileReference; lastKnownFileType = sourcecode.swift; path = MapViewController.swift; sourceTree = "<group>"; };
		4FF5002921E76DB6007DB175 /* TableViewController.swift */ = {isa = PBXFileReference; lastKnownFileType = sourcecode.swift; path = TableViewController.swift; sourceTree = "<group>"; };
		4FF5002B21E76DCB007DB175 /* TableViewCell.swift */ = {isa = PBXFileReference; lastKnownFileType = sourcecode.swift; path = TableViewCell.swift; sourceTree = "<group>"; };
		4FF5002D21E76DE3007DB175 /* AddLocationViewController.swift */ = {isa = PBXFileReference; lastKnownFileType = sourcecode.swift; path = AddLocationViewController.swift; sourceTree = "<group>"; };
		4FF5002F21E76E17007DB175 /* FinalLocationViewController.swift */ = {isa = PBXFileReference; lastKnownFileType = sourcecode.swift; path = FinalLocationViewController.swift; sourceTree = "<group>"; };
		4FF5003321E76EB7007DB175 /* StudentLocation.swift */ = {isa = PBXFileReference; lastKnownFileType = sourcecode.swift; path = StudentLocation.swift; sourceTree = "<group>"; };
		4FF5003521E76F27007DB175 /* Parse.swift */ = {isa = PBXFileReference; lastKnownFileType = sourcecode.swift; path = Parse.swift; sourceTree = "<group>"; };
		4FF5003921E76FCA007DB175 /* Data.swift */ = {isa = PBXFileReference; lastKnownFileType = sourcecode.swift; path = Data.swift; sourceTree = "<group>"; };
/* End PBXFileReference section */

/* Begin PBXFrameworksBuildPhase section */
		4FF5000921E76A63007DB175 /* Frameworks */ = {
			isa = PBXFrameworksBuildPhase;
			buildActionMask = 2147483647;
			files = (
			);
			runOnlyForDeploymentPostprocessing = 0;
		};
/* End PBXFrameworksBuildPhase section */

/* Begin PBXGroup section */
		4FF5000321E76A63007DB175 = {
			isa = PBXGroup;
			children = (
				4FF5000E21E76A63007DB175 /* On The Map */,
				4FF5000D21E76A63007DB175 /* Products */,
			);
			sourceTree = "<group>";
		};
		4FF5000D21E76A63007DB175 /* Products */ = {
			isa = PBXGroup;
			children = (
				4FF5000C21E76A63007DB175 /* On The Map.app */,
			);
			name = Products;
			sourceTree = "<group>";
		};
		4FF5000E21E76A63007DB175 /* On The Map */ = {
			isa = PBXGroup;
			children = (
				4FF5002521E76D45007DB175 /* ViewContreoller */,
				4FF5003121E76E35007DB175 /* Network */,
				4FF5003221E76E5B007DB175 /* Model */,
				4FF5001321E76A63007DB175 /* Main.storyboard */,
				4FF5001621E76A68007DB175 /* Assets.xcassets */,
				4FF5001821E76A68007DB175 /* LaunchScreen.storyboard */,
				4FF5001B21E76A68007DB175 /* Info.plist */,
				4FF5000F21E76A63007DB175 /* AppDelegate.swift */,
			);
			path = "On The Map";
			sourceTree = "<group>";
		};
		4FF5002521E76D45007DB175 /* ViewContreoller */ = {
			isa = PBXGroup;
			children = (
				4FF5002121E76B66007DB175 /* LogInViewController.swift */,
				4FF5002621E76D74007DB175 /* MapViewController.swift */,
				4FF5002821E76D96007DB175 /* TableView */,
				4FF5002D21E76DE3007DB175 /* AddLocationViewController.swift */,
				4FF5002F21E76E17007DB175 /* FinalLocationViewController.swift */,
			);
			path = ViewContreoller;
			sourceTree = "<group>";
		};
		4FF5002821E76D96007DB175 /* TableView */ = {
			isa = PBXGroup;
			children = (
				4FF5002921E76DB6007DB175 /* TableViewController.swift */,
				4FF5002B21E76DCB007DB175 /* TableViewCell.swift */,
			);
			path = TableView;
			sourceTree = "<group>";
		};
		4FF5003121E76E35007DB175 /* Network */ = {
			isa = PBXGroup;
			children = (
				4FF5002321E76BA8007DB175 /* API.swift */,
				4FF5003521E76F27007DB175 /* Parse.swift */,
			);
			path = Network;
			sourceTree = "<group>";
		};
		4FF5003221E76E5B007DB175 /* Model */ = {
			isa = PBXGroup;
			children = (
				4FF5003321E76EB7007DB175 /* StudentLocation.swift */,
				4FF5003921E76FCA007DB175 /* Data.swift */,
			);
			path = Model;
			sourceTree = "<group>";
		};
/* End PBXGroup section */

/* Begin PBXNativeTarget section */
		4FF5000B21E76A63007DB175 /* On The Map */ = {
			isa = PBXNativeTarget;
			buildConfigurationList = 4FF5001E21E76A68007DB175 /* Build configuration list for PBXNativeTarget "On The Map" */;
			buildPhases = (
				4FF5000821E76A63007DB175 /* Sources */,
				4FF5000921E76A63007DB175 /* Frameworks */,
				4FF5000A21E76A63007DB175 /* Resources */,
			);
			buildRules = (
			);
			dependencies = (
			);
			name = "On The Map";
			productName = "On The Map";
			productReference = 4FF5000C21E76A63007DB175 /* On The Map.app */;
			productType = "com.apple.product-type.application";
		};
/* End PBXNativeTarget section */

/* Begin PBXProject section */
		4FF5000421E76A63007DB175 /* Project object */ = {
			isa = PBXProject;
			attributes = {
				LastSwiftUpdateCheck = 1010;
				LastUpgradeCheck = 1010;
				ORGANIZATIONNAME = mac_os;
				TargetAttributes = {
					4FF5000B21E76A63007DB175 = {
						CreatedOnToolsVersion = 10.1;
					};
				};
			};
			buildConfigurationList = 4FF5000721E76A63007DB175 /* Build configuration list for PBXProject "On The Map" */;
			compatibilityVersion = "Xcode 9.3";
			developmentRegion = en;
			hasScannedForEncodings = 0;
			knownRegions = (
				en,
				Base,
			);
			mainGroup = 4FF5000321E76A63007DB175;
			productRefGroup = 4FF5000D21E76A63007DB175 /* Products */;
			projectDirPath = "";
			projectRoot = "";
			targets = (
				4FF5000B21E76A63007DB175 /* On The Map */,
			);
		};
/* End PBXProject section */

/* Begin PBXResourcesBuildPhase section */
		4FF5000A21E76A63007DB175 /* Resources */ = {
			isa = PBXResourcesBuildPhase;
			buildActionMask = 2147483647;
			files = (
				4FF5001A21E76A68007DB175 /* LaunchScreen.storyboard in Resources */,
				4FF5001721E76A68007DB175 /* Assets.xcassets in Resources */,
				4FF5001521E76A63007DB175 /* Main.storyboard in Resources */,
			);
			runOnlyForDeploymentPostprocessing = 0;
		};
/* End PBXResourcesBuildPhase section */

/* Begin PBXSourcesBuildPhase section */
		4FF5000821E76A63007DB175 /* Sources */ = {
			isa = PBXSourcesBuildPhase;
			buildActionMask = 2147483647;
			files = (
				4FF5003421E76EB7007DB175 /* StudentLocation.swift in Sources */,
				4FF5003621E76F27007DB175 /* Parse.swift in Sources */,
				4FF5001021E76A63007DB175 /* AppDelegate.swift in Sources */,
				4FF5002421E76BA8007DB175 /* API.swift in Sources */,
				4FF5003021E76E17007DB175 /* FinalLocationViewController.swift in Sources */,
				4FF5002221E76B66007DB175 /* LogInViewController.swift in Sources */,
				4FF5002E21E76DE3007DB175 /* AddLocationViewController.swift in Sources */,
				4FF5003A21E76FCA007DB175 /* Data.swift in Sources */,
				4FF5002C21E76DCB007DB175 /* TableViewCell.swift in Sources */,
				4FF5002A21E76DB6007DB175 /* TableViewController.swift in Sources */,
				4FF5002721E76D74007DB175 /* MapViewController.swift in Sources */,
			);
			runOnlyForDeploymentPostprocessing = 0;
		};
/* End PBXSourcesBuildPhase section */

/* Begin PBXVariantGroup section */
		4FF5001321E76A63007DB175 /* Main.storyboard */ = {
			isa = PBXVariantGroup;
			children = (
				4FF5001421E76A63007DB175 /* Base */,
			);
			name = Main.storyboard;
			sourceTree = "<group>";
		};
		4FF5001821E76A68007DB175 /* LaunchScreen.storyboard */ = {
			isa = PBXVariantGroup;
			children = (
				4FF5001921E76A68007DB175 /* Base */,
			);
			name = LaunchScreen.storyboard;
			sourceTree = "<group>";
		};
/* End PBXVariantGroup section */

/* Begin XCBuildConfiguration section */
		4FF5001C21E76A68007DB175 /* Debug */ = {
			isa = XCBuildConfiguration;
			buildSettings = {
				ALWAYS_SEARCH_USER_PATHS = NO;
				CLANG_ANALYZER_NONNULL = YES;
				CLANG_ANALYZER_NUMBER_OBJECT_CONVERSION = YES_AGGRESSIVE;
				CLANG_CXX_LANGUAGE_STANDARD = "gnu++14";
				CLANG_CXX_LIBRARY = "libc++";
				CLANG_ENABLE_MODULES = YES;
				CLANG_ENABLE_OBJC_ARC = YES;
				CLANG_ENABLE_OBJC_WEAK = YES;
				CLANG_WARN_BLOCK_CAPTURE_AUTORELEASING = YES;
				CLANG_WARN_BOOL_CONVERSION = YES;
				CLANG_WARN_COMMA = YES;
				CLANG_WARN_CONSTANT_CONVERSION = YES;
				CLANG_WARN_DEPRECATED_OBJC_IMPLEMENTATIONS = YES;
				CLANG_WARN_DIRECT_OBJC_ISA_USAGE = YES_ERROR;
				CLANG_WARN_DOCUMENTATION_COMMENTS = YES;
				CLANG_WARN_EMPTY_BODY = YES;
				CLANG_WARN_ENUM_CONVERSION = YES;
				CLANG_WARN_INFINITE_RECURSION = YES;
				CLANG_WARN_INT_CONVERSION = YES;
				CLANG_WARN_NON_LITERAL_NULL_CONVERSION = YES;
				CLANG_WARN_OBJC_IMPLICIT_RETAIN_SELF = YES;
				CLANG_WARN_OBJC_LITERAL_CONVERSION = YES;
				CLANG_WARN_OBJC_ROOT_CLASS = YES_ERROR;
				CLANG_WARN_RANGE_LOOP_ANALYSIS = YES;
				CLANG_WARN_STRICT_PROTOTYPES = YES;
				CLANG_WARN_SUSPICIOUS_MOVE = YES;
				CLANG_WARN_UNGUARDED_AVAILABILITY = YES_AGGRESSIVE;
				CLANG_WARN_UNREACHABLE_CODE = YES;
				CLANG_WARN__DUPLICATE_METHOD_MATCH = YES;
				CODE_SIGN_IDENTITY = "iPhone Developer";
				COPY_PHASE_STRIP = NO;
				DEBUG_INFORMATION_FORMAT = dwarf;
				ENABLE_STRICT_OBJC_MSGSEND = YES;
				ENABLE_TESTABILITY = YES;
				GCC_C_LANGUAGE_STANDARD = gnu11;
				GCC_DYNAMIC_NO_PIC = NO;
				GCC_NO_COMMON_BLOCKS = YES;
				GCC_OPTIMIZATION_LEVEL = 0;
				GCC_PREPROCESSOR_DEFINITIONS = (
					"DEBUG=1",
					"$(inherited)",
				);
				GCC_WARN_64_TO_32_BIT_CONVERSION = YES;
				GCC_WARN_ABOUT_RETURN_TYPE = YES_ERROR;
				GCC_WARN_UNDECLARED_SELECTOR = YES;
				GCC_WARN_UNINITIALIZED_AUTOS = YES_AGGRESSIVE;
				GCC_WARN_UNUSED_FUNCTION = YES;
				GCC_WARN_UNUSED_VARIABLE = YES;
				IPHONEOS_DEPLOYMENT_TARGET = 12.1;
				MTL_ENABLE_DEBUG_INFO = INCLUDE_SOURCE;
				MTL_FAST_MATH = YES;
				ONLY_ACTIVE_ARCH = YES;
				SDKROOT = iphoneos;
				SWIFT_ACTIVE_COMPILATION_CONDITIONS = DEBUG;
				SWIFT_OPTIMIZATION_LEVEL = "-Onone";
			};
			name = Debug;
		};
		4FF5001D21E76A68007DB175 /* Release */ = {
			isa = XCBuildConfiguration;
			buildSettings = {
				ALWAYS_SEARCH_USER_PATHS = NO;
				CLANG_ANALYZER_NONNULL = YES;
				CLANG_ANALYZER_NUMBER_OBJECT_CONVERSION = YES_AGGRESSIVE;
				CLANG_CXX_LANGUAGE_STANDARD = "gnu++14";
				CLANG_CXX_LIBRARY = "libc++";
				CLANG_ENABLE_MODULES = YES;
				CLANG_ENABLE_OBJC_ARC = YES;
				CLANG_ENABLE_OBJC_WEAK = YES;
				CLANG_WARN_BLOCK_CAPTURE_AUTORELEASING = YES;
				CLANG_WARN_BOOL_CONVERSION = YES;
				CLANG_WARN_COMMA = YES;
				CLANG_WARN_CONSTANT_CONVERSION = YES;
				CLANG_WARN_DEPRECATED_OBJC_IMPLEMENTATIONS = YES;
				CLANG_WARN_DIRECT_OBJC_ISA_USAGE = YES_ERROR;
				CLANG_WARN_DOCUMENTATION_COMMENTS = YES;
				CLANG_WARN_EMPTY_BODY = YES;
				CLANG_WARN_ENUM_CONVERSION = YES;
				CLANG_WARN_INFINITE_RECURSION = YES;
				CLANG_WARN_INT_CONVERSION = YES;
				CLANG_WARN_NON_LITERAL_NULL_CONVERSION = YES;
				CLANG_WARN_OBJC_IMPLICIT_RETAIN_SELF = YES;
				CLANG_WARN_OBJC_LITERAL_CONVERSION = YES;
				CLANG_WARN_OBJC_ROOT_CLASS = YES_ERROR;
				CLANG_WARN_RANGE_LOOP_ANALYSIS = YES;
				CLANG_WARN_STRICT_PROTOTYPES = YES;
				CLANG_WARN_SUSPICIOUS_MOVE = YES;
				CLANG_WARN_UNGUARDED_AVAILABILITY = YES_AGGRESSIVE;
				CLANG_WARN_UNREACHABLE_CODE = YES;
				CLANG_WARN__DUPLICATE_METHOD_MATCH = YES;
				CODE_SIGN_IDENTITY = "iPhone Developer";
				COPY_PHASE_STRIP = NO;
				DEBUG_INFORMATION_FORMAT = "dwarf-with-dsym";
				ENABLE_NS_ASSERTIONS = NO;
				ENABLE_STRICT_OBJC_MSGSEND = YES;
				GCC_C_LANGUAGE_STANDARD = gnu11;
				GCC_NO_COMMON_BLOCKS = YES;
				GCC_WARN_64_TO_32_BIT_CONVERSION = YES;
				GCC_WARN_ABOUT_RETURN_TYPE = YES_ERROR;
				GCC_WARN_UNDECLARED_SELECTOR = YES;
				GCC_WARN_UNINITIALIZED_AUTOS = YES_AGGRESSIVE;
				GCC_WARN_UNUSED_FUNCTION = YES;
				GCC_WARN_UNUSED_VARIABLE = YES;
				IPHONEOS_DEPLOYMENT_TARGET = 12.1;
				MTL_ENABLE_DEBUG_INFO = NO;
				MTL_FAST_MATH = YES;
				SDKROOT = iphoneos;
				SWIFT_COMPILATION_MODE = wholemodule;
				SWIFT_OPTIMIZATION_LEVEL = "-O";
				VALIDATE_PRODUCT = YES;
			};
			name = Release;
		};
		4FF5001F21E76A68007DB175 /* Debug */ = {
			isa = XCBuildConfiguration;
			buildSettings = {
				ASSETCATALOG_COMPILER_APPICON_NAME = AppIcon;
				CODE_SIGN_STYLE = Automatic;
				DEVELOPMENT_TEAM = 5ULGQDYX3V;
				INFOPLIST_FILE = "On The Map/Info.plist";
				LD_RUNPATH_SEARCH_PATHS = (
					"$(inherited)",
					"@executable_path/Frameworks",
				);
				PRODUCT_BUNDLE_IDENTIFIER = "Reema-Saleh.On-The-Map";
				PRODUCT_NAME = "$(TARGET_NAME)";
				SWIFT_VERSION = 4.2;
				TARGETED_DEVICE_FAMILY = "1,2";
			};
			name = Debug;
		};
		4FF5002021E76A68007DB175 /* Release */ = {
			isa = XCBuildConfiguration;
			buildSettings = {
				ASSETCATALOG_COMPILER_APPICON_NAME = AppIcon;
				CODE_SIGN_STYLE = Automatic;
				DEVELOPMENT_TEAM = 5ULGQDYX3V;
				INFOPLIST_FILE = "On The Map/Info.plist";
				LD_RUNPATH_SEARCH_PATHS = (
					"$(inherited)",
					"@executable_path/Frameworks",
				);
				PRODUCT_BUNDLE_IDENTIFIER = "Reema-Saleh.On-The-Map";
				PRODUCT_NAME = "$(TARGET_NAME)";
				SWIFT_VERSION = 4.2;
				TARGETED_DEVICE_FAMILY = "1,2";
			};
			name = Release;
		};
/* End XCBuildConfiguration section */

/* Begin XCConfigurationList section */
		4FF5000721E76A63007DB175 /* Build configuration list for PBXProject "On The Map" */ = {
			isa = XCConfigurationList;
			buildConfigurations = (
				4FF5001C21E76A68007DB175 /* Debug */,
				4FF5001D21E76A68007DB175 /* Release */,
			);
			defaultConfigurationIsVisible = 0;
			defaultConfigurationName = Release;
		};
		4FF5001E21E76A68007DB175 /* Build configuration list for PBXNativeTarget "On The Map" */ = {
			isa = XCConfigurationList;
			buildConfigurations = (
				4FF5001F21E76A68007DB175 /* Debug */,
				4FF5002021E76A68007DB175 /* Release */,
			);
			defaultConfigurationIsVisible = 0;
			defaultConfigurationName = Release;
		};
/* End XCConfigurationList section */
	};
	rootObject = 4FF5000421E76A63007DB175 /* Project object */;
}
